{
  "name": "js.conf.d-webpack",
  "version": "1.0.0",
  "lockfileVersion": 1,
  "requires": true,
  "dependencies": {
    "js.conf.d": {
      "version": "1.2.0",
      "resolved": "https://registry.npmjs.org/js.conf.d/-/js.conf.d-1.2.0.tgz",
      "integrity": "sha512-r1l8mJlyY9d/Xq9gc5UHGhutc2SW5CAvpzxW3EbnbnxW7u6feVmPQ2D/r7+YKc+VwhlU6CpFqV4Nisrp+zlgWg=="
    }
  }
}
